
Microsoft Visual Studio Solution File, Format Version 12.00
# Visual Studio Version 17
VisualStudioVersion = 17.14.36221.1
MinimumVisualStudioVersion = 10.0.40219.1
Project("{FAE04EC0-301F-11D3-BF4B-00C04F79EFBC}") = "BulkyWeb", "BulkyWeb\BulkyWeb.csproj", "{AFDB581C-8798-43C2-9F46-EE0726755428}"
EndProject
Global
	GlobalSection(SolutionConfigurationPlatforms) = preSolution
		Debug|Any CPU = Debug|Any CPU
		Release|Any CPU = Release|Any CPU
	EndGlobalSection
	GlobalSection(ProjectConfigurationPlatforms) = postSolution
		{AFDB581C-8798-43C2-9F46-EE0726755428}.Debug|Any CPU.ActiveCfg = Debug|Any CPU
		{AFDB581C-8798-43C2-9F46-EE0726755428}.Debug|Any CPU.Build.0 = Debug|Any CPU
		{AFDB581C-8798-43C2-9F46-EE0726755428}.Release|Any CPU.ActiveCfg = Release|Any CPU
		{AFDB581C-8798-43C2-9F46-EE0726755428}.Release|Any CPU.Build.0 = Release|Any CPU
	EndGlobalSection
	GlobalSection(SolutionProperties) = preSolution
		HideSolutionNode = FALSE
	EndGlobalSection
	GlobalSection(ExtensibilityGlobals) = postSolution
		SolutionGuid = {10EC6B7D-6A8D-4FB5-BDC4-69F51C208226}
	EndGlobalSection
EndGlobal
